// !$*UTF8*$!
{
	archiveVersion = 1;
	classes = {
	};
	objectVersion = 56;
	objects = {

/* Begin PBXBuildFile section */
		9E04DBE72AAB93C100A1E180 /* NetworkMonitor.swift in Sources */ = {isa = PBXBuildFile; fileRef = 9E04DBE62AAB93C100A1E180 /* NetworkMonitor.swift */; };
		9E328DE22AA4732D006C8D7F /* recommendedCollectionViewCell.swift in Sources */ = {isa = PBXBuildFile; fileRef = 9E328DE12AA4732D006C8D7F /* recommendedCollectionViewCell.swift */; };
		9E328DE42AA479E0006C8D7F /* Models.swift in Sources */ = {isa = PBXBuildFile; fileRef = 9E328DE32AA479E0006C8D7F /* Models.swift */; };
		9E328DE62AA47A42006C8D7F /* featuredCollectionViewCell.swift in Sources */ = {isa = PBXBuildFile; fileRef = 9E328DE52AA47A42006C8D7F /* featuredCollectionViewCell.swift */; };
		9E328DE82AA47A50006C8D7F /* categoriesCollectionViewCell.swift in Sources */ = {isa = PBXBuildFile; fileRef = 9E328DE72AA47A50006C8D7F /* categoriesCollectionViewCell.swift */; };
		9E328DEA2AA47B23006C8D7F /* GetApiResponse.swift in Sources */ = {isa = PBXBuildFile; fileRef = 9E328DE92AA47B23006C8D7F /* GetApiResponse.swift */; };
		9E328DEC2AA63349006C8D7F /* DetailedViewController.swift in Sources */ = {isa = PBXBuildFile; fileRef = 9E328DEB2AA63349006C8D7F /* DetailedViewController.swift */; };
		9EBD55D92AA9A35900629074 /* searchViewController.swift in Sources */ = {isa = PBXBuildFile; fileRef = 9EBD55D82AA9A35900629074 /* searchViewController.swift */; };
		9EBD55DB2AA9A41C00629074 /* searchCollectionViewCell.swift in Sources */ = {isa = PBXBuildFile; fileRef = 9EBD55DA2AA9A41C00629074 /* searchCollectionViewCell.swift */; };
		9EBD55DD2AA9E3AB00629074 /* phone_setup_guide.gif in Resources */ = {isa = PBXBuildFile; fileRef = 9EBD55DC2AA9E3AB00629074 /* phone_setup_guide.gif */; };
		9EBD55DF2AA9E3B700629074 /* splash.gif in Resources */ = {isa = PBXBuildFile; fileRef = 9EBD55DE2AA9E3B700629074 /* splash.gif */; };
		9EBD55E22AA9E3CF00629074 /* evoGoVideo.mp4 in Resources */ = {isa = PBXBuildFile; fileRef = 9EBD55E12AA9E3CF00629074 /* evoGoVideo.mp4 */; };
		9EBD55E42AA9E72100629074 /* LaunchViewController.swift in Sources */ = {isa = PBXBuildFile; fileRef = 9EBD55E32AA9E72100629074 /* LaunchViewController.swift */; };
		9EBD55E62AA9E9FE00629074 /* GifLoader.swift in Sources */ = {isa = PBXBuildFile; fileRef = 9EBD55E52AA9E9FE00629074 /* GifLoader.swift */; };
		9EBD55E92AA9EC2800629074 /* SDWebImage in Frameworks */ = {isa = PBXBuildFile; productRef = 9EBD55E82AA9EC2800629074 /* SDWebImage */; };
		9EBD55EB2AA9EE8200629074 /* splashV.mp4 in Resources */ = {isa = PBXBuildFile; fileRef = 9EBD55EA2AA9EE8200629074 /* splashV.mp4 */; };
		9EBD55F12AA9F6E600629074 /* Onboarding2ViewController.swift in Sources */ = {isa = PBXBuildFile; fileRef = 9EBD55F02AA9F6E600629074 /* Onboarding2ViewController.swift */; };
		9EBD55F32AA9F6F300629074 /* Onboarding1ViewController.swift in Sources */ = {isa = PBXBuildFile; fileRef = 9EBD55F22AA9F6F300629074 /* Onboarding1ViewController.swift */; };
		9EBD55F52AA9F6FB00629074 /* Onboarding3ViewController.swift in Sources */ = {isa = PBXBuildFile; fileRef = 9EBD55F42AA9F6FB00629074 /* Onboarding3ViewController.swift */; };
		9EBD55F72AAA05F800629074 /* phone_setup_guideNew.gif in Resources */ = {isa = PBXBuildFile; fileRef = 9EBD55F62AAA05F800629074 /* phone_setup_guideNew.gif */; };
		9EBD55F92AAA2A6A00629074 /* aboutViewController.swift in Sources */ = {isa = PBXBuildFile; fileRef = 9EBD55F82AAA2A6A00629074 /* aboutViewController.swift */; };
		9EBD55FB2AAA2D2B00629074 /* connectionGuideViewController.swift in Sources */ = {isa = PBXBuildFile; fileRef = 9EBD55FA2AAA2D2B00629074 /* connectionGuideViewController.swift */; };
		9EBD55FD2AAA2E0B00629074 /* ConnectionGuideVideoViewController.swift in Sources */ = {isa = PBXBuildFile; fileRef = 9EBD55FC2AAA2E0B00629074 /* ConnectionGuideVideoViewController.swift */; };
		9EBD55FF2AAA341500629074 /* evoOneVideo.mp4 in Resources */ = {isa = PBXBuildFile; fileRef = 9EBD55FE2AAA341500629074 /* evoOneVideo.mp4 */; };
		9EBD56012AAA402100629074 /* TopBarViewFile.swift in Sources */ = {isa = PBXBuildFile; fileRef = 9EBD56002AAA402100629074 /* TopBarViewFile.swift */; };
		9EC175EF2AA459F500F71364 /* AppDelegate.swift in Sources */ = {isa = PBXBuildFile; fileRef = 9EC175EE2AA459F500F71364 /* AppDelegate.swift */; };
		9EC175F12AA459F500F71364 /* SceneDelegate.swift in Sources */ = {isa = PBXBuildFile; fileRef = 9EC175F02AA459F500F71364 /* SceneDelegate.swift */; };
		9EC175F32AA459F500F71364 /* ViewController.swift in Sources */ = {isa = PBXBuildFile; fileRef = 9EC175F22AA459F500F71364 /* ViewController.swift */; };
		9EC175F62AA459F500F71364 /* Main.storyboard in Resources */ = {isa = PBXBuildFile; fileRef = 9EC175F42AA459F500F71364 /* Main.storyboard */; };
		9EC175F82AA459F600F71364 /* Assets.xcassets in Resources */ = {isa = PBXBuildFile; fileRef = 9EC175F72AA459F600F71364 /* Assets.xcassets */; };
		9EC175FB2AA459F600F71364 /* LaunchScreen.storyboard in Resources */ = {isa = PBXBuildFile; fileRef = 9EC175F92AA459F600F71364 /* LaunchScreen.storyboard */; };
/* End PBXBuildFile section */

/* Begin PBXFileReference section */
		9E04DBE62AAB93C100A1E180 /* NetworkMonitor.swift */ = {isa = PBXFileReference; lastKnownFileType = sourcecode.swift; path = NetworkMonitor.swift; sourceTree = "<group>"; };
		9E328DE12AA4732D006C8D7F /* recommendedCollectionViewCell.swift */ = {isa = PBXFileReference; lastKnownFileType = sourcecode.swift; path = recommendedCollectionViewCell.swift; sourceTree = "<group>"; };
		9E328DE32AA479E0006C8D7F /* Models.swift */ = {isa = PBXFileReference; lastKnownFileType = sourcecode.swift; path = Models.swift; sourceTree = "<group>"; };
		9E328DE52AA47A42006C8D7F /* featuredCollectionViewCell.swift */ = {isa = PBXFileReference; lastKnownFileType = sourcecode.swift; path = featuredCollectionViewCell.swift; sourceTree = "<group>"; };
		9E328DE72AA47A50006C8D7F /* categoriesCollectionViewCell.swift */ = {isa = PBXFileReference; lastKnownFileType = sourcecode.swift; path = categoriesCollectionViewCell.swift; sourceTree = "<group>"; };
		9E328DE92AA47B23006C8D7F /* GetApiResponse.swift */ = {isa = PBXFileReference; lastKnownFileType = sourcecode.swift; path = GetApiResponse.swift; sourceTree = "<group>"; };
		9E328DEB2AA63349006C8D7F /* DetailedViewController.swift */ = {isa = PBXFileReference; lastKnownFileType = sourcecode.swift; path = DetailedViewController.swift; sourceTree = "<group>"; };
		9EBD55D82AA9A35900629074 /* searchViewController.swift */ = {isa = PBXFileReference; lastKnownFileType = sourcecode.swift; path = searchViewController.swift; sourceTree = "<group>"; };
		9EBD55DA2AA9A41C00629074 /* searchCollectionViewCell.swift */ = {isa = PBXFileReference; lastKnownFileType = sourcecode.swift; path = searchCollectionViewCell.swift; sourceTree = "<group>"; };
		9EBD55DC2AA9E3AB00629074 /* phone_setup_guide.gif */ = {isa = PBXFileReference; lastKnownFileType = image.gif; path = phone_setup_guide.gif; sourceTree = "<group>"; };
		9EBD55DE2AA9E3B700629074 /* splash.gif */ = {isa = PBXFileReference; lastKnownFileType = image.gif; path = splash.gif; sourceTree = "<group>"; };
		9EBD55E12AA9E3CF00629074 /* evoGoVideo.mp4 */ = {isa = PBXFileReference; lastKnownFileType = file; path = evoGoVideo.mp4; sourceTree = "<group>"; };
		9EBD55E32AA9E72100629074 /* LaunchViewController.swift */ = {isa = PBXFileReference; lastKnownFileType = sourcecode.swift; path = LaunchViewController.swift; sourceTree = "<group>"; };
		9EBD55E52AA9E9FE00629074 /* GifLoader.swift */ = {isa = PBXFileReference; lastKnownFileType = sourcecode.swift; path = GifLoader.swift; sourceTree = "<group>"; };
		9EBD55EA2AA9EE8200629074 /* splashV.mp4 */ = {isa = PBXFileReference; lastKnownFileType = file; path = splashV.mp4; sourceTree = "<group>"; };
		9EBD55F02AA9F6E600629074 /* Onboarding2ViewController.swift */ = {isa = PBXFileReference; lastKnownFileType = sourcecode.swift; path = Onboarding2ViewController.swift; sourceTree = "<group>"; };
		9EBD55F22AA9F6F300629074 /* Onboarding1ViewController.swift */ = {isa = PBXFileReference; lastKnownFileType = sourcecode.swift; path = Onboarding1ViewController.swift; sourceTree = "<group>"; };
		9EBD55F42AA9F6FB00629074 /* Onboarding3ViewController.swift */ = {isa = PBXFileReference; lastKnownFileType = sourcecode.swift; path = Onboarding3ViewController.swift; sourceTree = "<group>"; };
		9EBD55F62AAA05F800629074 /* phone_setup_guideNew.gif */ = {isa = PBXFileReference; lastKnownFileType = image.gif; path = phone_setup_guideNew.gif; sourceTree = "<group>"; };
		9EBD55F82AAA2A6A00629074 /* aboutViewController.swift */ = {isa = PBXFileReference; lastKnownFileType = sourcecode.swift; path = aboutViewController.swift; sourceTree = "<group>"; };
		9EBD55FA2AAA2D2B00629074 /* connectionGuideViewController.swift */ = {isa = PBXFileReference; lastKnownFileType = sourcecode.swift; path = connectionGuideViewController.swift; sourceTree = "<group>"; };
		9EBD55FC2AAA2E0B00629074 /* ConnectionGuideVideoViewController.swift */ = {isa = PBXFileReference; lastKnownFileType = sourcecode.swift; path = ConnectionGuideVideoViewController.swift; sourceTree = "<group>"; };
		9EBD55FE2AAA341500629074 /* evoOneVideo.mp4 */ = {isa = PBXFileReference; lastKnownFileType = file; path = evoOneVideo.mp4; sourceTree = "<group>"; };
		9EBD56002AAA402100629074 /* TopBarViewFile.swift */ = {isa = PBXFileReference; lastKnownFileType = sourcecode.swift; path = TopBarViewFile.swift; sourceTree = "<group>"; };
		9EC175EB2AA459F500F71364 /* newEvoApp.app */ = {isa = PBXFileReference; explicitFileType = wrapper.application; includeInIndex = 0; path = newEvoApp.app; sourceTree = BUILT_PRODUCTS_DIR; };
		9EC175EE2AA459F500F71364 /* AppDelegate.swift */ = {isa = PBXFileReference; lastKnownFileType = sourcecode.swift; path = AppDelegate.swift; sourceTree = "<group>"; };
		9EC175F02AA459F500F71364 /* SceneDelegate.swift */ = {isa = PBXFileReference; lastKnownFileType = sourcecode.swift; path = SceneDelegate.swift; sourceTree = "<group>"; };
		9EC175F22AA459F500F71364 /* ViewController.swift */ = {isa = PBXFileReference; lastKnownFileType = sourcecode.swift; path = ViewController.swift; sourceTree = "<group>"; };
		9EC175F52AA459F500F71364 /* Base */ = {isa = PBXFileReference; lastKnownFileType = file.storyboard; name = Base; path = Base.lproj/Main.storyboard; sourceTree = "<group>"; };
		9EC175F72AA459F600F71364 /* Assets.xcassets */ = {isa = PBXFileReference; lastKnownFileType = folder.assetcatalog; path = Assets.xcassets; sourceTree = "<group>"; };
		9EC175FA2AA459F600F71364 /* Base */ = {isa = PBXFileReference; lastKnownFileType = file.storyboard; name = Base; path = Base.lproj/LaunchScreen.storyboard; sourceTree = "<group>"; };
		9EC175FC2AA459F600F71364 /* Info.plist */ = {isa = PBXFileReference; lastKnownFileType = text.plist.xml; path = Info.plist; sourceTree = "<group>"; };
/* End PBXFileReference section */

/* Begin PBXFrameworksBuildPhase section */
		9EC175E82AA459F500F71364 /* Frameworks */ = {
			isa = PBXFrameworksBuildPhase;
			buildActionMask = 2147483647;
			files = (
				9EBD55E92AA9EC2800629074 /* SDWebImage in Frameworks */,
			);
			runOnlyForDeploymentPostprocessing = 0;
		};
/* End PBXFrameworksBuildPhase section */

/* Begin PBXGroup section */
		9EC175E22AA459F500F71364 = {
			isa = PBXGroup;
			children = (
				9EC175ED2AA459F500F71364 /* newEvoApp */,
				9EC175EC2AA459F500F71364 /* Products */,
			);
			sourceTree = "<group>";
		};
		9EC175EC2AA459F500F71364 /* Products */ = {
			isa = PBXGroup;
			children = (
				9EC175EB2AA459F500F71364 /* newEvoApp.app */,
			);
			name = Products;
			sourceTree = "<group>";
		};
		9EC175ED2AA459F500F71364 /* newEvoApp */ = {
			isa = PBXGroup;
			children = (
				9EC175EE2AA459F500F71364 /* AppDelegate.swift */,
				9EC175F02AA459F500F71364 /* SceneDelegate.swift */,
				9EC175F22AA459F500F71364 /* ViewController.swift */,
				9EC175F42AA459F500F71364 /* Main.storyboard */,
				9E04DBE62AAB93C100A1E180 /* NetworkMonitor.swift */,
				9EBD56002AAA402100629074 /* TopBarViewFile.swift */,
				9EBD55F82AAA2A6A00629074 /* aboutViewController.swift */,
				9EBD55F22AA9F6F300629074 /* Onboarding1ViewController.swift */,
				9EBD55F02AA9F6E600629074 /* Onboarding2ViewController.swift */,
				9EBD55F42AA9F6FB00629074 /* Onboarding3ViewController.swift */,
				9EBD55E52AA9E9FE00629074 /* GifLoader.swift */,
				9EBD55E32AA9E72100629074 /* LaunchViewController.swift */,
				9EBD55D82AA9A35900629074 /* searchViewController.swift */,
				9E328DEB2AA63349006C8D7F /* DetailedViewController.swift */,
				9E328DE32AA479E0006C8D7F /* Models.swift */,
				9E328DE92AA47B23006C8D7F /* GetApiResponse.swift */,
				9E328DE52AA47A42006C8D7F /* featuredCollectionViewCell.swift */,
				9E328DE72AA47A50006C8D7F /* categoriesCollectionViewCell.swift */,
				9E328DE12AA4732D006C8D7F /* recommendedCollectionViewCell.swift */,
				9EBD55DA2AA9A41C00629074 /* searchCollectionViewCell.swift */,
				9EC175F72AA459F600F71364 /* Assets.xcassets */,
				9EC175F92AA459F600F71364 /* LaunchScreen.storyboard */,
				9EC175FC2AA459F600F71364 /* Info.plist */,
				9EBD55DC2AA9E3AB00629074 /* phone_setup_guide.gif */,
				9EBD55DE2AA9E3B700629074 /* splash.gif */,
				9EBD55FE2AAA341500629074 /* evoOneVideo.mp4 */,
				9EBD55E12AA9E3CF00629074 /* evoGoVideo.mp4 */,
				9EBD55FA2AAA2D2B00629074 /* connectionGuideViewController.swift */,
				9EBD55FC2AAA2E0B00629074 /* ConnectionGuideVideoViewController.swift */,
				9EBD55EA2AA9EE8200629074 /* splashV.mp4 */,
				9EBD55F62AAA05F800629074 /* phone_setup_guideNew.gif */,
			);
			path = newEvoApp;
			sourceTree = "<group>";
		};
/* End PBXGroup section */

/* Begin PBXNativeTarget section */
		9EC175EA2AA459F500F71364 /* newEvoApp */ = {
			isa = PBXNativeTarget;
			buildConfigurationList = 9EC175FF2AA459F600F71364 /* Build configuration list for PBXNativeTarget "newEvoApp" */;
			buildPhases = (
				9EC175E72AA459F500F71364 /* Sources */,
				9EC175E82AA459F500F71364 /* Frameworks */,
				9EC175E92AA459F500F71364 /* Resources */,
			);
			buildRules = (
			);
			dependencies = (
			);
			name = newEvoApp;
			packageProductDependencies = (
				9EBD55E82AA9EC2800629074 /* SDWebImage */,
			);
			productName = newEvoApp;
			productReference = 9EC175EB2AA459F500F71364 /* newEvoApp.app */;
			productType = "com.apple.product-type.application";
		};
/* End PBXNativeTarget section */

/* Begin PBXProject section */
		9EC175E32AA459F500F71364 /* Project object */ = {
			isa = PBXProject;
			attributes = {
				BuildIndependentTargetsInParallel = 1;
				LastSwiftUpdateCheck = 1430;
				LastUpgradeCheck = 1430;
				TargetAttributes = {
					9EC175EA2AA459F500F71364 = {
						CreatedOnToolsVersion = 14.3;
					};
				};
			};
			buildConfigurationList = 9EC175E62AA459F500F71364 /* Build configuration list for PBXProject "newEvoApp" */;
			compatibilityVersion = "Xcode 14.0";
			developmentRegion = en;
			hasScannedForEncodings = 0;
			knownRegions = (
				en,
				Base,
			);
			mainGroup = 9EC175E22AA459F500F71364;
			packageReferences = (
				9EBD55E72AA9EC2800629074 /* XCRemoteSwiftPackageReference "SDWebImage" */,
			);
			productRefGroup = 9EC175EC2AA459F500F71364 /* Products */;
			projectDirPath = "";
			projectRoot = "";
			targets = (
				9EC175EA2AA459F500F71364 /* newEvoApp */,
			);
		};
/* End PBXProject section */

/* Begin PBXResourcesBuildPhase section */
		9EC175E92AA459F500F71364 /* Resources */ = {
			isa = PBXResourcesBuildPhase;
			buildActionMask = 2147483647;
			files = (
				9EBD55DD2AA9E3AB00629074 /* phone_setup_guide.gif in Resources */,
				9EC175FB2AA459F600F71364 /* LaunchScreen.storyboard in Resources */,
				9EBD55EB2AA9EE8200629074 /* splashV.mp4 in Resources */,
				9EBD55FF2AAA341500629074 /* evoOneVideo.mp4 in Resources */,
				9EC175F82AA459F600F71364 /* Assets.xcassets in Resources */,
				9EC175F62AA459F500F71364 /* Main.storyboard in Resources */,
				9EBD55F72AAA05F800629074 /* phone_setup_guideNew.gif in Resources */,
				9EBD55E22AA9E3CF00629074 /* evoGoVideo.mp4 in Resources */,
				9EBD55DF2AA9E3B700629074 /* splash.gif in Resources */,
			);
			runOnlyForDeploymentPostprocessing = 0;
		};
/* End PBXResourcesBuildPhase section */

/* Begin PBXSourcesBuildPhase section */
		9EC175E72AA459F500F71364 /* Sources */ = {
			isa = PBXSourcesBuildPhase;
			buildActionMask = 2147483647;
			files = (
				9E328DE82AA47A50006C8D7F /* categoriesCollectionViewCell.swift in Sources */,
				9E328DE22AA4732D006C8D7F /* recommendedCollectionViewCell.swift in Sources */,
				9EC175F32AA459F500F71364 /* ViewController.swift in Sources */,
				9EBD55F32AA9F6F300629074 /* Onboarding1ViewController.swift in Sources */,
				9EBD55F12AA9F6E600629074 /* Onboarding2ViewController.swift in Sources */,
				9E328DE62AA47A42006C8D7F /* featuredCollectionViewCell.swift in Sources */,
				9EBD56012AAA402100629074 /* TopBarViewFile.swift in Sources */,
				9EC175EF2AA459F500F71364 /* AppDelegate.swift in Sources */,
				9EBD55FD2AAA2E0B00629074 /* ConnectionGuideVideoViewController.swift in Sources */,
				9EBD55FB2AAA2D2B00629074 /* connectionGuideViewController.swift in Sources */,
				9E328DEC2AA63349006C8D7F /* DetailedViewController.swift in Sources */,
				9EBD55E62AA9E9FE00629074 /* GifLoader.swift in Sources */,
				9EBD55D92AA9A35900629074 /* searchViewController.swift in Sources */,
				9E04DBE72AAB93C100A1E180 /* NetworkMonitor.swift in Sources */,
				9EBD55E42AA9E72100629074 /* LaunchViewController.swift in Sources */,
				9EBD55DB2AA9A41C00629074 /* searchCollectionViewCell.swift in Sources */,
				9EC175F12AA459F500F71364 /* SceneDelegate.swift in Sources */,
				9E328DE42AA479E0006C8D7F /* Models.swift in Sources */,
				9E328DEA2AA47B23006C8D7F /* GetApiResponse.swift in Sources */,
				9EBD55F52AA9F6FB00629074 /* Onboarding3ViewController.swift in Sources */,
				9EBD55F92AAA2A6A00629074 /* aboutViewController.swift in Sources */,
			);
			runOnlyForDeploymentPostprocessing = 0;
		};
/* End PBXSourcesBuildPhase section */

/* Begin PBXVariantGroup section */
		9EC175F42AA459F500F71364 /* Main.storyboard */ = {
			isa = PBXVariantGroup;
			children = (
				9EC175F52AA459F500F71364 /* Base */,
			);
			name = Main.storyboard;
			sourceTree = "<group>";
		};
		9EC175F92AA459F600F71364 /* LaunchScreen.storyboard */ = {
			isa = PBXVariantGroup;
			children = (
				9EC175FA2AA459F600F71364 /* Base */,
			);
			name = LaunchScreen.storyboard;
			sourceTree = "<group>";
		};
/* End PBXVariantGroup section */

/* Begin XCBuildConfiguration section */
		9EC175FD2AA459F600F71364 /* Debug */ = {
			isa = XCBuildConfiguration;
			buildSettings = {
				ALWAYS_SEARCH_USER_PATHS = NO;
				CLANG_ANALYZER_NONNULL = YES;
				CLANG_ANALYZER_NUMBER_OBJECT_CONVERSION = YES_AGGRESSIVE;
				CLANG_CXX_LANGUAGE_STANDARD = "gnu++20";
				CLANG_ENABLE_MODULES = YES;
				CLANG_ENABLE_OBJC_ARC = YES;
				CLANG_ENABLE_OBJC_WEAK = YES;
				CLANG_WARN_BLOCK_CAPTURE_AUTORELEASING = YES;
				CLANG_WARN_BOOL_CONVERSION = YES;
				CLANG_WARN_COMMA = YES;
				CLANG_WARN_CONSTANT_CONVERSION = YES;
				CLANG_WARN_DEPRECATED_OBJC_IMPLEMENTATIONS = YES;
				CLANG_WARN_DIRECT_OBJC_ISA_USAGE = YES_ERROR;
				CLANG_WARN_DOCUMENTATION_COMMENTS = YES;
				CLANG_WARN_EMPTY_BODY = YES;
				CLANG_WARN_ENUM_CONVERSION = YES;
				CLANG_WARN_INFINITE_RECURSION = YES;
				CLANG_WARN_INT_CONVERSION = YES;
				CLANG_WARN_NON_LITERAL_NULL_CONVERSION = YES;
				CLANG_WARN_OBJC_IMPLICIT_RETAIN_SELF = YES;
				CLANG_WARN_OBJC_LITERAL_CONVERSION = YES;
				CLANG_WARN_OBJC_ROOT_CLASS = YES_ERROR;
				CLANG_WARN_QUOTED_INCLUDE_IN_FRAMEWORK_HEADER = YES;
				CLANG_WARN_RANGE_LOOP_ANALYSIS = YES;
				CLANG_WARN_STRICT_PROTOTYPES = YES;
				CLANG_WARN_SUSPICIOUS_MOVE = YES;
				CLANG_WARN_UNGUARDED_AVAILABILITY = YES_AGGRESSIVE;
				CLANG_WARN_UNREACHABLE_CODE = YES;
				CLANG_WARN__DUPLICATE_METHOD_MATCH = YES;
				COPY_PHASE_STRIP = NO;
				DEBUG_INFORMATION_FORMAT = dwarf;
				ENABLE_STRICT_OBJC_MSGSEND = YES;
				ENABLE_TESTABILITY = YES;
				GCC_C_LANGUAGE_STANDARD = gnu11;
				GCC_DYNAMIC_NO_PIC = NO;
				GCC_NO_COMMON_BLOCKS = YES;
				GCC_OPTIMIZATION_LEVEL = 0;
				GCC_PREPROCESSOR_DEFINITIONS = (
					"DEBUG=1",
					"$(inherited)",
				);
				GCC_WARN_64_TO_32_BIT_CONVERSION = YES;
				GCC_WARN_ABOUT_RETURN_TYPE = YES_ERROR;
				GCC_WARN_UNDECLARED_SELECTOR = YES;
				GCC_WARN_UNINITIALIZED_AUTOS = YES_AGGRESSIVE;
				GCC_WARN_UNUSED_FUNCTION = YES;
				GCC_WARN_UNUSED_VARIABLE = YES;
				IPHONEOS_DEPLOYMENT_TARGET = 16.4;
				MTL_ENABLE_DEBUG_INFO = INCLUDE_SOURCE;
				MTL_FAST_MATH = YES;
				ONLY_ACTIVE_ARCH = YES;
				SDKROOT = iphoneos;
				SWIFT_ACTIVE_COMPILATION_CONDITIONS = DEBUG;
				SWIFT_OPTIMIZATION_LEVEL = "-Onone";
			};
			name = Debug;
		};
		9EC175FE2AA459F600F71364 /* Release */ = {
			isa = XCBuildConfiguration;
			buildSettings = {
				ALWAYS_SEARCH_USER_PATHS = NO;
				CLANG_ANALYZER_NONNULL = YES;
				CLANG_ANALYZER_NUMBER_OBJECT_CONVERSION = YES_AGGRESSIVE;
				CLANG_CXX_LANGUAGE_STANDARD = "gnu++20";
				CLANG_ENABLE_MODULES = YES;
				CLANG_ENABLE_OBJC_ARC = YES;
				CLANG_ENABLE_OBJC_WEAK = YES;
				CLANG_WARN_BLOCK_CAPTURE_AUTORELEASING = YES;
				CLANG_WARN_BOOL_CONVERSION = YES;
				CLANG_WARN_COMMA = YES;
				CLANG_WARN_CONSTANT_CONVERSION = YES;
				CLANG_WARN_DEPRECATED_OBJC_IMPLEMENTATIONS = YES;
				CLANG_WARN_DIRECT_OBJC_ISA_USAGE = YES_ERROR;
				CLANG_WARN_DOCUMENTATION_COMMENTS = YES;
				CLANG_WARN_EMPTY_BODY = YES;
				CLANG_WARN_ENUM_CONVERSION = YES;
				CLANG_WARN_INFINITE_RECURSION = YES;
				CLANG_WARN_INT_CONVERSION = YES;
				CLANG_WARN_NON_LITERAL_NULL_CONVERSION = YES;
				CLANG_WARN_OBJC_IMPLICIT_RETAIN_SELF = YES;
				CLANG_WARN_OBJC_LITERAL_CONVERSION = YES;
				CLANG_WARN_OBJC_ROOT_CLASS = YES_ERROR;
				CLANG_WARN_QUOTED_INCLUDE_IN_FRAMEWORK_HEADER = YES;
				CLANG_WARN_RANGE_LOOP_ANALYSIS = YES;
				CLANG_WARN_STRICT_PROTOTYPES = YES;
				CLANG_WARN_SUSPICIOUS_MOVE = YES;
				CLANG_WARN_UNGUARDED_AVAILABILITY = YES_AGGRESSIVE;
				CLANG_WARN_UNREACHABLE_CODE = YES;
				CLANG_WARN__DUPLICATE_METHOD_MATCH = YES;
				COPY_PHASE_STRIP = NO;
				DEBUG_INFORMATION_FORMAT = "dwarf-with-dsym";
				ENABLE_NS_ASSERTIONS = NO;
				ENABLE_STRICT_OBJC_MSGSEND = YES;
				GCC_C_LANGUAGE_STANDARD = gnu11;
				GCC_NO_COMMON_BLOCKS = YES;
				GCC_WARN_64_TO_32_BIT_CONVERSION = YES;
				GCC_WARN_ABOUT_RETURN_TYPE = YES_ERROR;
				GCC_WARN_UNDECLARED_SELECTOR = YES;
				GCC_WARN_UNINITIALIZED_AUTOS = YES_AGGRESSIVE;
				GCC_WARN_UNUSED_FUNCTION = YES;
				GCC_WARN_UNUSED_VARIABLE = YES;
				IPHONEOS_DEPLOYMENT_TARGET = 16.4;
				MTL_ENABLE_DEBUG_INFO = NO;
				MTL_FAST_MATH = YES;
				SDKROOT = iphoneos;
				SWIFT_COMPILATION_MODE = wholemodule;
				SWIFT_OPTIMIZATION_LEVEL = "-O";
				VALIDATE_PRODUCT = YES;
			};
			name = Release;
		};
		9EC176002AA459F600F71364 /* Debug */ = {
			isa = XCBuildConfiguration;
			buildSettings = {
				ASSETCATALOG_COMPILER_APPICON_NAME = AppIcon;
				ASSETCATALOG_COMPILER_GLOBAL_ACCENT_COLOR_NAME = AccentColor;
				CODE_SIGN_STYLE = Automatic;
				CURRENT_PROJECT_VERSION = 1;
				DEVELOPMENT_TEAM = 29M4S87GY3;
				GENERATE_INFOPLIST_FILE = YES;
				INFOPLIST_FILE = newEvoApp/Info.plist;
				INFOPLIST_KEY_UIApplicationSupportsIndirectInputEvents = YES;
				INFOPLIST_KEY_UILaunchStoryboardName = LaunchScreen;
				INFOPLIST_KEY_UIMainStoryboardFile = Main;
				INFOPLIST_KEY_UIRequiresFullScreen = NO;
				INFOPLIST_KEY_UISupportedInterfaceOrientations = UIInterfaceOrientationLandscapeRight;
				IPHONEOS_DEPLOYMENT_TARGET = 15.0;
				LD_RUNPATH_SEARCH_PATHS = (
					"$(inherited)",
					"@executable_path/Frameworks",
				);
				MARKETING_VERSION = 1.0;
				PRODUCT_BUNDLE_IDENTIFIER = com.yourcompany.newEvoApp;
				PRODUCT_NAME = "$(TARGET_NAME)";
				SWIFT_EMIT_LOC_STRINGS = YES;
				SWIFT_VERSION = 5.0;
				TARGETED_DEVICE_FAMILY = "1,2";
			};
			name = Debug;
		};
		9EC176012AA459F600F71364 /* Release */ = {
			isa = XCBuildConfiguration;
			buildSettings = {
				ASSETCATALOG_COMPILER_APPICON_NAME = AppIcon;
				ASSETCATALOG_COMPILER_GLOBAL_ACCENT_COLOR_NAME = AccentColor;
				CODE_SIGN_STYLE = Automatic;
				CURRENT_PROJECT_VERSION = 1;
				DEVELOPMENT_TEAM = 29M4S87GY3;
				GENERATE_INFOPLIST_FILE = YES;
				INFOPLIST_FILE = newEvoApp/Info.plist;
				INFOPLIST_KEY_UIApplicationSupportsIndirectInputEvents = YES;
				INFOPLIST_KEY_UILaunchStoryboardName = LaunchScreen;
				INFOPLIST_KEY_UIMainStoryboardFile = Main;
				INFOPLIST_KEY_UIRequiresFullScreen = NO;
				INFOPLIST_KEY_UISupportedInterfaceOrientations = UIInterfaceOrientationLandscapeRight;
				IPHONEOS_DEPLOYMENT_TARGET = 15.0;
				LD_RUNPATH_SEARCH_PATHS = (
					"$(inherited)",
					"@executable_path/Frameworks",
				);
				MARKETING_VERSION = 1.0;
				PRODUCT_BUNDLE_IDENTIFIER = com.yourcompany.newEvoApp;
				PRODUCT_NAME = "$(TARGET_NAME)";
				SWIFT_EMIT_LOC_STRINGS = YES;
				SWIFT_VERSION = 5.0;
				TARGETED_DEVICE_FAMILY = "1,2";
			};
			name = Release;
		};
/* End XCBuildConfiguration section */

/* Begin XCConfigurationList section */
		9EC175E62AA459F500F71364 /* Build configuration list for PBXProject "newEvoApp" */ = {
			isa = XCConfigurationList;
			buildConfigurations = (
				9EC175FD2AA459F600F71364 /* Debug */,
				9EC175FE2AA459F600F71364 /* Release */,
			);
			defaultConfigurationIsVisible = 0;
			defaultConfigurationName = Release;
		};
		9EC175FF2AA459F600F71364 /* Build configuration list for PBXNativeTarget "newEvoApp" */ = {
			isa = XCConfigurationList;
			buildConfigurations = (
				9EC176002AA459F600F71364 /* Debug */,
				9EC176012AA459F600F71364 /* Release */,
			);
			defaultConfigurationIsVisible = 0;
			defaultConfigurationName = Release;
		};
/* End XCConfigurationList section */

/* Begin XCRemoteSwiftPackageReference section */
		9EBD55E72AA9EC2800629074 /* XCRemoteSwiftPackageReference "SDWebImage" */ = {
			isa = XCRemoteSwiftPackageReference;
			repositoryURL = "https://github.com/SDWebImage/SDWebImage.git";
			requirement = {
				kind = upToNextMajorVersion;
				minimumVersion = 5.0.0;
			};
		};
/* End XCRemoteSwiftPackageReference section */

/* Begin XCSwiftPackageProductDependency section */
		9EBD55E82AA9EC2800629074 /* SDWebImage */ = {
			isa = XCSwiftPackageProductDependency;
			package = 9EBD55E72AA9EC2800629074 /* XCRemoteSwiftPackageReference "SDWebImage" */;
			productName = SDWebImage;
		};
/* End XCSwiftPackageProductDependency section */
	};
	rootObject = 9EC175E32AA459F500F71364 /* Project object */;
}
